// !$*UTF8*$!
{
	archiveVersion = 1;
	classes = {
	};
	objectVersion = 50;
	objects = {

/* Begin PBXBuildFile section */
		AA2B9DA02236649400928AF1 /* PNTcpPing.m in Sources */ = {isa = PBXBuildFile; fileRef = AA2B9D9E2236649400928AF1 /* PNTcpPing.m */; };
		AA2B9DA12236649400928AF1 /* PNTcpPing.h in Headers */ = {isa = PBXBuildFile; fileRef = AA2B9D9F2236649400928AF1 /* PNTcpPing.h */; settings = {ATTRIBUTES = (Public, ); }; };
		AA466F7E221FA113009CD053 /* PhoneNetSDKConst.h in Headers */ = {isa = PBXBuildFile; fileRef = AA466F7D221FA113009CD053 /* PhoneNetSDKConst.h */; };
		AA466F82221FBCD1009CD053 /* PhoneNetDiagnosisHelper.h in Headers */ = {isa = PBXBuildFile; fileRef = AA466F80221FBCD1009CD053 /* PhoneNetDiagnosisHelper.h */; };
		AA466F83221FBCD1009CD053 /* PhoneNetDiagnosisHelper.m in Sources */ = {isa = PBXBuildFile; fileRef = AA466F81221FBCD1009CD053 /* PhoneNetDiagnosisHelper.m */; };
		AA466F8F221FBCDA009CD053 /* PhonePing.h in Headers */ = {isa = PBXBuildFile; fileRef = AA466F86221FBCDA009CD053 /* PhonePing.h */; };
		AA466F90221FBCDA009CD053 /* PhonePing.mm in Sources */ = {isa = PBXBuildFile; fileRef = AA466F87221FBCDA009CD053 /* PhonePing.mm */; };
		AA466F91221FBCDA009CD053 /* PhonePingService.h in Headers */ = {isa = PBXBuildFile; fileRef = AA466F88221FBCDA009CD053 /* PhonePingService.h */; };
		AA466F92221FBCDA009CD053 /* PhonePingService.mm in Sources */ = {isa = PBXBuildFile; fileRef = AA466F89221FBCDA009CD053 /* PhonePingService.mm */; };
		AA466F93221FBCDA009CD053 /* PPingResModel.h in Headers */ = {isa = PBXBuildFile; fileRef = AA466F8B221FBCDA009CD053 /* PPingResModel.h */; };
		AA466F94221FBCDA009CD053 /* PPingResModel.m in Sources */ = {isa = PBXBuildFile; fileRef = AA466F8C221FBCDA009CD053 /* PPingResModel.m */; };
		AA466F95221FBCDA009CD053 /* PReportPingModel.h in Headers */ = {isa = PBXBuildFile; fileRef = AA466F8D221FBCDA009CD053 /* PReportPingModel.h */; };
		AA466F96221FBCDA009CD053 /* PReportPingModel.m in Sources */ = {isa = PBXBuildFile; fileRef = AA466F8E221FBCDA009CD053 /* PReportPingModel.m */; };
		AA4DDD852174A188009F138B /* PhoneTraceRoute.h in Headers */ = {isa = PBXBuildFile; fileRef = AA4DDD782174A188009F138B /* PhoneTraceRoute.h */; };
		AA4DDD862174A188009F138B /* PhoneTraceRoute.mm in Sources */ = {isa = PBXBuildFile; fileRef = AA4DDD792174A188009F138B /* PhoneTraceRoute.mm */; };
		AA4DDD872174A188009F138B /* PhoneTraceRouteService.h in Headers */ = {isa = PBXBuildFile; fileRef = AA4DDD7A2174A188009F138B /* PhoneTraceRouteService.h */; };
		AA4DDD882174A188009F138B /* PhoneTraceRouteService.m in Sources */ = {isa = PBXBuildFile; fileRef = AA4DDD7B2174A188009F138B /* PhoneTraceRouteService.m */; };
		AA4DDD892174A188009F138B /* PTracerRouteResModel.h in Headers */ = {isa = PBXBuildFile; fileRef = AA4DDD7D2174A188009F138B /* PTracerRouteResModel.h */; };
		AA4DDD8A2174A188009F138B /* PTracerRouteResModel.m in Sources */ = {isa = PBXBuildFile; fileRef = AA4DDD7E2174A188009F138B /* PTracerRouteResModel.m */; };
		AA4DDD972175F220009F138B /* PNetInfoTool.h in Headers */ = {isa = PBXBuildFile; fileRef = AA4DDD952175F220009F138B /* PNetInfoTool.h */; };
		AA4DDD982175F220009F138B /* PNetInfoTool.m in Sources */ = {isa = PBXBuildFile; fileRef = AA4DDD962175F220009F138B /* PNetInfoTool.m */; };
		AA829BA5223908270007E397 /* PNUdpTraceroute.h in Headers */ = {isa = PBXBuildFile; fileRef = AA829BA3223908270007E397 /* PNUdpTraceroute.h */; settings = {ATTRIBUTES = (Public, ); }; };
		AA829BA6223908270007E397 /* PNUdpTraceroute.m in Sources */ = {isa = PBXBuildFile; fileRef = AA829BA4223908270007E397 /* PNUdpTraceroute.m */; };
		AA99ACC622266F6D0099A2E3 /* PNetLog.h in Headers */ = {isa = PBXBuildFile; fileRef = AA99ACC422266F6D0099A2E3 /* PNetLog.h */; };
		AA99ACC722266F6D0099A2E3 /* PNetLog.mm in Sources */ = {isa = PBXBuildFile; fileRef = AA99ACC522266F6D0099A2E3 /* PNetLog.mm */; };
		AAA4AC462227AE9E00C8AC65 /* PNDomainLookup.h in Headers */ = {isa = PBXBuildFile; fileRef = AAA4AC442227AE9E00C8AC65 /* PNDomainLookup.h */; };
		AAA4AC472227AE9E00C8AC65 /* PNDomainLookup.mm in Sources */ = {isa = PBXBuildFile; fileRef = AAA4AC452227AE9E00C8AC65 /* PNDomainLookup.mm */; };
		AAA4AC4A2227D18800C8AC65 /* PNetTools.h in Headers */ = {isa = PBXBuildFile; fileRef = AAA4AC482227D18800C8AC65 /* PNetTools.h */; };
		AAA4AC4B2227D18800C8AC65 /* PNetTools.m in Sources */ = {isa = PBXBuildFile; fileRef = AAA4AC492227D18800C8AC65 /* PNetTools.m */; };
		AAA4AC4F2227E05C00C8AC65 /* PNPortScan.h in Headers */ = {isa = PBXBuildFile; fileRef = AAA4AC4D2227E05C00C8AC65 /* PNPortScan.h */; };
		AAA4AC502227E05C00C8AC65 /* PNPortScan.mm in Sources */ = {isa = PBXBuildFile; fileRef = AAA4AC4E2227E05C00C8AC65 /* PNPortScan.mm */; };
		AAA8287122166AAB00440AEE /* UCNetworkService.h in Headers */ = {isa = PBXBuildFile; fileRef = AAA8286F22166AAB00440AEE /* UCNetworkService.h */; };
		AAA8287222166AAB00440AEE /* UCNetworkService.mm in Sources */ = {isa = PBXBuildFile; fileRef = AAA8287022166AAB00440AEE /* UCNetworkService.mm */; };
		AAA82875221670AD00440AEE /* PNetReachability.h in Headers */ = {isa = PBXBuildFile; fileRef = AAA82873221670AD00440AEE /* PNetReachability.h */; };
		AAA82876221670AD00440AEE /* PNetReachability.m in Sources */ = {isa = PBXBuildFile; fileRef = AAA82874221670AD00440AEE /* PNetReachability.m */; };
		AAA8287A221686AE00440AEE /* PNetQueue.m in Sources */ = {isa = PBXBuildFile; fileRef = AAA82878221686AE00440AEE /* PNetQueue.m */; };
		AAA8287B221686AE00440AEE /* PNetQueue.h in Headers */ = {isa = PBXBuildFile; fileRef = AAA82879221686AE00440AEE /* PNetQueue.h */; };
		AAA8287E22168CD000440AEE /* PNetModel.h in Headers */ = {isa = PBXBuildFile; fileRef = AAA8287C22168CD000440AEE /* PNetModel.h */; settings = {ATTRIBUTES = (Public, ); }; };
		AAA8287F22168CD000440AEE /* PNetModel.m in Sources */ = {isa = PBXBuildFile; fileRef = AAA8287D22168CD000440AEE /* PNetModel.m */; };
		AAA828832216C6AE00440AEE /* log4cplus_pn.h in Headers */ = {isa = PBXBuildFile; fileRef = AAA828822216C6AE00440AEE /* log4cplus_pn.h */; };
		AAE53C77222675B500DB23A7 /* PhoneNetSDKHelper.h in Headers */ = {isa = PBXBuildFile; fileRef = AAE53C76222675B500DB23A7 /* PhoneNetSDKHelper.h */; settings = {ATTRIBUTES = (Public, ); }; };
		AAFC675721742DE900044085 /* PhoneNetSDK.framework in Frameworks */ = {isa = PBXBuildFile; fileRef = AAFC674D21742DE900044085 /* PhoneNetSDK.framework */; };
		AAFC675C21742DE900044085 /* PhoneNetSDKTests.m in Sources */ = {isa = PBXBuildFile; fileRef = AAFC675B21742DE900044085 /* PhoneNetSDKTests.m */; };
		AAFC675E21742DE900044085 /* PhoneNetSDK.h in Headers */ = {isa = PBXBuildFile; fileRef = AAFC675021742DE900044085 /* PhoneNetSDK.h */; settings = {ATTRIBUTES = (Public, ); }; };
		AAFC6784217436E200044085 /* PhoneNetManager.h in Headers */ = {isa = PBXBuildFile; fileRef = AAFC6782217436E200044085 /* PhoneNetManager.h */; settings = {ATTRIBUTES = (Public, ); }; };
		AAFC6785217436E200044085 /* PhoneNetManager.mm in Sources */ = {isa = PBXBuildFile; fileRef = AAFC6783217436E200044085 /* PhoneNetManager.mm */; };
		AAFC67CD21743E7B00044085 /* libstdc++.tbd in Frameworks */ = {isa = PBXBuildFile; fileRef = AAFC67CB21743E2A00044085 /* libstdc++.tbd */; };
/* End PBXBuildFile section */

/* Begin PBXContainerItemProxy section */
		AAFC675821742DE900044085 /* PBXContainerItemProxy */ = {
			isa = PBXContainerItemProxy;
			containerPortal = AAFC674421742DE900044085 /* Project object */;
			proxyType = 1;
			remoteGlobalIDString = AAFC674C21742DE900044085;
			remoteInfo = PhoneNetSDK;
		};
/* End PBXContainerItemProxy section */

/* Begin PBXFileReference section */
		AA2B9D9E2236649400928AF1 /* PNTcpPing.m */ = {isa = PBXFileReference; fileEncoding = 4; lastKnownFileType = sourcecode.c.objc; path = PNTcpPing.m; sourceTree = "<group>"; };
		AA2B9D9F2236649400928AF1 /* PNTcpPing.h */ = {isa = PBXFileReference; fileEncoding = 4; lastKnownFileType = sourcecode.c.h; path = PNTcpPing.h; sourceTree = "<group>"; };
		AA466F7D221FA113009CD053 /* PhoneNetSDKConst.h */ = {isa = PBXFileReference; fileEncoding = 4; lastKnownFileType = sourcecode.c.h; path = PhoneNetSDKConst.h; sourceTree = "<group>"; };
		AA466F80221FBCD1009CD053 /* PhoneNetDiagnosisHelper.h */ = {isa = PBXFileReference; fileEncoding = 4; lastKnownFileType = sourcecode.c.h; path = PhoneNetDiagnosisHelper.h; sourceTree = "<group>"; };
		AA466F81221FBCD1009CD053 /* PhoneNetDiagnosisHelper.m */ = {isa = PBXFileReference; fileEncoding = 4; lastKnownFileType = sourcecode.c.objc; path = PhoneNetDiagnosisHelper.m; sourceTree = "<group>"; };
		AA466F86221FBCDA009CD053 /* PhonePing.h */ = {isa = PBXFileReference; fileEncoding = 4; lastKnownFileType = sourcecode.c.h; path = PhonePing.h; sourceTree = "<group>"; };
		AA466F87221FBCDA009CD053 /* PhonePing.mm */ = {isa = PBXFileReference; fileEncoding = 4; lastKnownFileType = sourcecode.cpp.objcpp; name = PhonePing.mm; path = /Users/ethan/Desktop/workZone/myproduct/PhoneNetSDK/PhoneNetSDK/PhoneNetSDK/uping/control/PhonePing.mm; sourceTree = "<absolute>"; };
		AA466F88221FBCDA009CD053 /* PhonePingService.h */ = {isa = PBXFileReference; fileEncoding = 4; lastKnownFileType = sourcecode.c.h; path = PhonePingService.h; sourceTree = "<group>"; };
		AA466F89221FBCDA009CD053 /* PhonePingService.mm */ = {isa = PBXFileReference; fileEncoding = 4; lastKnownFileType = sourcecode.cpp.objcpp; path = PhonePingService.mm; sourceTree = "<group>"; };
		AA466F8B221FBCDA009CD053 /* PPingResModel.h */ = {isa = PBXFileReference; fileEncoding = 4; lastKnownFileType = sourcecode.c.h; path = PPingResModel.h; sourceTree = "<group>"; };
		AA466F8C221FBCDA009CD053 /* PPingResModel.m */ = {isa = PBXFileReference; fileEncoding = 4; lastKnownFileType = sourcecode.c.objc; path = PPingResModel.m; sourceTree = "<group>"; };
		AA466F8D221FBCDA009CD053 /* PReportPingModel.h */ = {isa = PBXFileReference; fileEncoding = 4; lastKnownFileType = sourcecode.c.h; path = PReportPingModel.h; sourceTree = "<group>"; };
		AA466F8E221FBCDA009CD053 /* PReportPingModel.m */ = {isa = PBXFileReference; fileEncoding = 4; lastKnownFileType = sourcecode.c.objc; path = PReportPingModel.m; sourceTree = "<group>"; };
		AA4DDD782174A188009F138B /* PhoneTraceRoute.h */ = {isa = PBXFileReference; fileEncoding = 4; lastKnownFileType = sourcecode.c.h; path = PhoneTraceRoute.h; sourceTree = "<group>"; };
		AA4DDD792174A188009F138B /* PhoneTraceRoute.mm */ = {isa = PBXFileReference; fileEncoding = 4; lastKnownFileType = sourcecode.cpp.objcpp; path = PhoneTraceRoute.mm; sourceTree = "<group>"; };
		AA4DDD7A2174A188009F138B /* PhoneTraceRouteService.h */ = {isa = PBXFileReference; fileEncoding = 4; lastKnownFileType = sourcecode.c.h; path = PhoneTraceRouteService.h; sourceTree = "<group>"; };
		AA4DDD7B2174A188009F138B /* PhoneTraceRouteService.m */ = {isa = PBXFileReference; fileEncoding = 4; lastKnownFileType = sourcecode.c.objc; path = PhoneTraceRouteService.m; sourceTree = "<group>"; };
		AA4DDD7D2174A188009F138B /* PTracerRouteResModel.h */ = {isa = PBXFileReference; fileEncoding = 4; lastKnownFileType = sourcecode.c.h; path = PTracerRouteResModel.h; sourceTree = "<group>"; };
		AA4DDD7E2174A188009F138B /* PTracerRouteResModel.m */ = {isa = PBXFileReference; fileEncoding = 4; lastKnownFileType = sourcecode.c.objc; path = PTracerRouteResModel.m; sourceTree = "<group>"; };
		AA4DDD952175F220009F138B /* PNetInfoTool.h */ = {isa = PBXFileReference; lastKnownFileType = sourcecode.c.h; path = PNetInfoTool.h; sourceTree = "<group>"; };
		AA4DDD962175F220009F138B /* PNetInfoTool.m */ = {isa = PBXFileReference; lastKnownFileType = sourcecode.c.objc; path = PNetInfoTool.m; sourceTree = "<group>"; };
		AA829BA3223908270007E397 /* PNUdpTraceroute.h */ = {isa = PBXFileReference; fileEncoding = 4; lastKnownFileType = sourcecode.c.h; path = PNUdpTraceroute.h; sourceTree = "<group>"; };
		AA829BA4223908270007E397 /* PNUdpTraceroute.m */ = {isa = PBXFileReference; fileEncoding = 4; lastKnownFileType = sourcecode.c.objc; path = PNUdpTraceroute.m; sourceTree = "<group>"; };
		AA99ACC422266F6D0099A2E3 /* PNetLog.h */ = {isa = PBXFileReference; lastKnownFileType = sourcecode.c.h; path = PNetLog.h; sourceTree = "<group>"; };
		AA99ACC522266F6D0099A2E3 /* PNetLog.mm */ = {isa = PBXFileReference; lastKnownFileType = sourcecode.cpp.objcpp; path = PNetLog.mm; sourceTree = "<group>"; };
		AAA4AC442227AE9E00C8AC65 /* PNDomainLookup.h */ = {isa = PBXFileReference; lastKnownFileType = sourcecode.c.h; path = PNDomainLookup.h; sourceTree = "<group>"; };
		AAA4AC452227AE9E00C8AC65 /* PNDomainLookup.mm */ = {isa = PBXFileReference; lastKnownFileType = sourcecode.cpp.objcpp; path = PNDomainLookup.mm; sourceTree = "<group>"; };
		AAA4AC482227D18800C8AC65 /* PNetTools.h */ = {isa = PBXFileReference; lastKnownFileType = sourcecode.c.h; path = PNetTools.h; sourceTree = "<group>"; };
		AAA4AC492227D18800C8AC65 /* PNetTools.m */ = {isa = PBXFileReference; lastKnownFileType = sourcecode.c.objc; path = PNetTools.m; sourceTree = "<group>"; };
		AAA4AC4D2227E05C00C8AC65 /* PNPortScan.h */ = {isa = PBXFileReference; lastKnownFileType = sourcecode.c.h; path = PNPortScan.h; sourceTree = "<group>"; };
		AAA4AC4E2227E05C00C8AC65 /* PNPortScan.mm */ = {isa = PBXFileReference; lastKnownFileType = sourcecode.cpp.objcpp; path = PNPortScan.mm; sourceTree = "<group>"; };
		AAA8286F22166AAB00440AEE /* UCNetworkService.h */ = {isa = PBXFileReference; fileEncoding = 4; lastKnownFileType = sourcecode.c.h; path = UCNetworkService.h; sourceTree = "<group>"; };
		AAA8287022166AAB00440AEE /* UCNetworkService.mm */ = {isa = PBXFileReference; fileEncoding = 4; lastKnownFileType = sourcecode.cpp.objcpp; path = UCNetworkService.mm; sourceTree = "<group>"; };
		AAA82873221670AD00440AEE /* PNetReachability.h */ = {isa = PBXFileReference; fileEncoding = 4; lastKnownFileType = sourcecode.c.h; path = PNetReachability.h; sourceTree = "<group>"; };
		AAA82874221670AD00440AEE /* PNetReachability.m */ = {isa = PBXFileReference; fileEncoding = 4; lastKnownFileType = sourcecode.c.objc; path = PNetReachability.m; sourceTree = "<group>"; };
		AAA82878221686AE00440AEE /* PNetQueue.m */ = {isa = PBXFileReference; fileEncoding = 4; lastKnownFileType = sourcecode.c.objc; path = PNetQueue.m; sourceTree = "<group>"; };
		AAA82879221686AE00440AEE /* PNetQueue.h */ = {isa = PBXFileReference; fileEncoding = 4; lastKnownFileType = sourcecode.c.h; path = PNetQueue.h; sourceTree = "<group>"; };
		AAA8287C22168CD000440AEE /* PNetModel.h */ = {isa = PBXFileReference; lastKnownFileType = sourcecode.c.h; path = PNetModel.h; sourceTree = "<group>"; };
		AAA8287D22168CD000440AEE /* PNetModel.m */ = {isa = PBXFileReference; lastKnownFileType = sourcecode.c.objc; path = PNetModel.m; sourceTree = "<group>"; };
		AAA828822216C6AE00440AEE /* log4cplus_pn.h */ = {isa = PBXFileReference; fileEncoding = 4; lastKnownFileType = sourcecode.c.h; path = log4cplus_pn.h; sourceTree = "<group>"; };
		AAE53C76222675B500DB23A7 /* PhoneNetSDKHelper.h */ = {isa = PBXFileReference; fileEncoding = 4; lastKnownFileType = sourcecode.c.h; path = PhoneNetSDKHelper.h; sourceTree = "<group>"; };
		AAFC674D21742DE900044085 /* PhoneNetSDK.framework */ = {isa = PBXFileReference; explicitFileType = wrapper.framework; includeInIndex = 0; path = PhoneNetSDK.framework; sourceTree = BUILT_PRODUCTS_DIR; };
		AAFC675021742DE900044085 /* PhoneNetSDK.h */ = {isa = PBXFileReference; lastKnownFileType = sourcecode.c.h; path = PhoneNetSDK.h; sourceTree = "<group>"; };
		AAFC675121742DE900044085 /* Info.plist */ = {isa = PBXFileReference; lastKnownFileType = text.plist.xml; path = Info.plist; sourceTree = "<group>"; };
		AAFC675621742DE900044085 /* PhoneNetSDKTests.xctest */ = {isa = PBXFileReference; explicitFileType = wrapper.cfbundle; includeInIndex = 0; path = PhoneNetSDKTests.xctest; sourceTree = BUILT_PRODUCTS_DIR; };
		AAFC675B21742DE900044085 /* PhoneNetSDKTests.m */ = {isa = PBXFileReference; lastKnownFileType = sourcecode.c.objc; path = PhoneNetSDKTests.m; sourceTree = "<group>"; };
		AAFC675D21742DE900044085 /* Info.plist */ = {isa = PBXFileReference; lastKnownFileType = text.plist.xml; path = Info.plist; sourceTree = "<group>"; };
		AAFC6782217436E200044085 /* PhoneNetManager.h */ = {isa = PBXFileReference; lastKnownFileType = sourcecode.c.h; path = PhoneNetManager.h; sourceTree = "<group>"; };
		AAFC6783217436E200044085 /* PhoneNetManager.mm */ = {isa = PBXFileReference; lastKnownFileType = sourcecode.cpp.objcpp; path = PhoneNetManager.mm; sourceTree = "<group>"; };
		AAFC67C921743E1E00044085 /* libstdc++.6.tbd */ = {isa = PBXFileReference; lastKnownFileType = "sourcecode.text-based-dylib-definition"; name = "libstdc++.6.tbd"; path = "usr/lib/libstdc++.6.tbd"; sourceTree = SDKROOT; };
		AAFC67CB21743E2A00044085 /* libstdc++.tbd */ = {isa = PBXFileReference; lastKnownFileType = "sourcecode.text-based-dylib-definition"; name = "libstdc++.tbd"; path = "usr/lib/libstdc++.tbd"; sourceTree = SDKROOT; };
/* End PBXFileReference section */

/* Begin PBXFrameworksBuildPhase section */
		AAFC674921742DE900044085 /* Frameworks */ = {
			isa = PBXFrameworksBuildPhase;
			buildActionMask = 2147483647;
			files = (
			);
			runOnlyForDeploymentPostprocessing = 0;
		};
		AAFC675321742DE900044085 /* Frameworks */ = {
			isa = PBXFrameworksBuildPhase;
			buildActionMask = 2147483647;
			files = (
				AAFC67CD21743E7B00044085 /* libstdc++.tbd in Frameworks */,
				AAFC675721742DE900044085 /* PhoneNetSDK.framework in Frameworks */,
			);
			runOnlyForDeploymentPostprocessing = 0;
		};
/* End PBXFrameworksBuildPhase section */

/* Begin PBXGroup section */
		AA04BDA12179CA3900792244 /* bean */ = {
			isa = PBXGroup;
			children = (
				AAA8287C22168CD000440AEE /* PNetModel.h */,
				AAA8287D22168CD000440AEE /* PNetModel.m */,
			);
			path = bean;
			sourceTree = "<group>";
		};
		AA2B9D9D2236646200928AF1 /* tcpping */ = {
			isa = PBXGroup;
			children = (
				AA2B9D9F2236649400928AF1 /* PNTcpPing.h */,
				AA2B9D9E2236649400928AF1 /* PNTcpPing.m */,
			);
			path = tcpping;
			sourceTree = "<group>";
		};
		AA466F7F221FBCD1009CD053 /* common */ = {
			isa = PBXGroup;
			children = (
				AA466F80221FBCD1009CD053 /* PhoneNetDiagnosisHelper.h */,
				AA466F81221FBCD1009CD053 /* PhoneNetDiagnosisHelper.m */,
			);
			path = common;
			sourceTree = "<group>";
		};
		AA466F84221FBCDA009CD053 /* uping */ = {
			isa = PBXGroup;
			children = (
				AA466F85221FBCDA009CD053 /* control */,
				AA466F8A221FBCDA009CD053 /* model */,
			);
			path = uping;
			sourceTree = "<group>";
		};
		AA466F85221FBCDA009CD053 /* control */ = {
			isa = PBXGroup;
			children = (
				AA466F86221FBCDA009CD053 /* PhonePing.h */,
				AA466F87221FBCDA009CD053 /* PhonePing.mm */,
				AA466F88221FBCDA009CD053 /* PhonePingService.h */,
				AA466F89221FBCDA009CD053 /* PhonePingService.mm */,
			);
			path = control;
			sourceTree = "<group>";
		};
		AA466F8A221FBCDA009CD053 /* model */ = {
			isa = PBXGroup;
			children = (
				AA466F8B221FBCDA009CD053 /* PPingResModel.h */,
				AA466F8C221FBCDA009CD053 /* PPingResModel.m */,
				AA466F8D221FBCDA009CD053 /* PReportPingModel.h */,
				AA466F8E221FBCDA009CD053 /* PReportPingModel.m */,
			);
			path = model;
			sourceTree = "<group>";
		};
		AA4DDD762174A188009F138B /* utracert */ = {
			isa = PBXGroup;
			children = (
				AA4DDD772174A188009F138B /* control */,
				AA4DDD7C2174A188009F138B /* model */,
			);
			name = utracert;
			path = PhoneNetSDK/utracert;
			sourceTree = SOURCE_ROOT;
		};
		AA4DDD772174A188009F138B /* control */ = {
			isa = PBXGroup;
			children = (
				AA4DDD782174A188009F138B /* PhoneTraceRoute.h */,
				AA4DDD792174A188009F138B /* PhoneTraceRoute.mm */,
				AA4DDD7A2174A188009F138B /* PhoneTraceRouteService.h */,
				AA4DDD7B2174A188009F138B /* PhoneTraceRouteService.m */,
			);
			path = control;
			sourceTree = "<group>";
		};
		AA4DDD7C2174A188009F138B /* model */ = {
			isa = PBXGroup;
			children = (
				AA4DDD7D2174A188009F138B /* PTracerRouteResModel.h */,
				AA4DDD7E2174A188009F138B /* PTracerRouteResModel.m */,
			);
			path = model;
			sourceTree = "<group>";
		};
		AA4DDD942175EFE4009F138B /* netInfo */ = {
			isa = PBXGroup;
			children = (
				AA4DDD952175F220009F138B /* PNetInfoTool.h */,
				AA4DDD962175F220009F138B /* PNetInfoTool.m */,
				AAA82873221670AD00440AEE /* PNetReachability.h */,
				AAA82874221670AD00440AEE /* PNetReachability.m */,
			);
			path = netInfo;
			sourceTree = "<group>";
		};
		AA829BA2223907E40007E397 /* udptracert */ = {
			isa = PBXGroup;
			children = (
				AA829BA3223908270007E397 /* PNUdpTraceroute.h */,
				AA829BA4223908270007E397 /* PNUdpTraceroute.m */,
			);
			path = udptracert;
			sourceTree = "<group>";
		};
		AAA4AC432227AE3C00C8AC65 /* lookup */ = {
			isa = PBXGroup;
			children = (
				AAA4AC442227AE9E00C8AC65 /* PNDomainLookup.h */,
				AAA4AC452227AE9E00C8AC65 /* PNDomainLookup.mm */,
			);
			path = lookup;
			sourceTree = "<group>";
		};
		AAA4AC4C2227DEBA00C8AC65 /* portscan */ = {
			isa = PBXGroup;
			children = (
				AAA4AC4D2227E05C00C8AC65 /* PNPortScan.h */,
				AAA4AC4E2227E05C00C8AC65 /* PNPortScan.mm */,
			);
			path = portscan;
			sourceTree = "<group>";
		};
		AAA8286D22166AAB00440AEE /* net */ = {
			isa = PBXGroup;
			children = (
				AAA8286E22166AAB00440AEE /* control */,
			);
			path = net;
			sourceTree = "<group>";
		};
		AAA8286E22166AAB00440AEE /* control */ = {
			isa = PBXGroup;
			children = (
				AAA8286F22166AAB00440AEE /* UCNetworkService.h */,
				AAA8287022166AAB00440AEE /* UCNetworkService.mm */,
			);
			path = control;
			sourceTree = "<group>";
		};
		AAA828772216868900440AEE /* tools */ = {
			isa = PBXGroup;
			children = (
				AAA828822216C6AE00440AEE /* log4cplus_pn.h */,
				AAA82879221686AE00440AEE /* PNetQueue.h */,
				AAA82878221686AE00440AEE /* PNetQueue.m */,
				AA99ACC422266F6D0099A2E3 /* PNetLog.h */,
				AA99ACC522266F6D0099A2E3 /* PNetLog.mm */,
				AAA4AC482227D18800C8AC65 /* PNetTools.h */,
				AAA4AC492227D18800C8AC65 /* PNetTools.m */,
			);
			path = tools;
			sourceTree = "<group>";
		};
		AAFC674321742DE900044085 = {
			isa = PBXGroup;
			children = (
				AAFC674F21742DE900044085 /* PhoneNetSDK */,
				AAFC675A21742DE900044085 /* PhoneNetSDKTests */,
				AAFC674E21742DE900044085 /* Products */,
				AAFC67C821743E1E00044085 /* Frameworks */,
			);
			sourceTree = "<group>";
		};
		AAFC674E21742DE900044085 /* Products */ = {
			isa = PBXGroup;
			children = (
				AAFC674D21742DE900044085 /* PhoneNetSDK.framework */,
				AAFC675621742DE900044085 /* PhoneNetSDKTests.xctest */,
			);
			name = Products;
			sourceTree = "<group>";
		};
		AAFC674F21742DE900044085 /* PhoneNetSDK */ = {
			isa = PBXGroup;
			children = (
				AAFC6781217436B300044085 /* public */,
				AA466F7F221FBCD1009CD053 /* common */,
				AA466F84221FBCDA009CD053 /* uping */,
				AA2B9D9D2236646200928AF1 /* tcpping */,
				AA4DDD762174A188009F138B /* utracert */,
				AA829BA2223907E40007E397 /* udptracert */,
				AAA4AC432227AE3C00C8AC65 /* lookup */,
				AAA4AC4C2227DEBA00C8AC65 /* portscan */,
				AAA828772216868900440AEE /* tools */,
				AA4DDD942175EFE4009F138B /* netInfo */,
				AAA8286D22166AAB00440AEE /* net */,
				AAFC675021742DE900044085 /* PhoneNetSDK.h */,
				AA466F7D221FA113009CD053 /* PhoneNetSDKConst.h */,
				AAFC675121742DE900044085 /* Info.plist */,
			);
			path = PhoneNetSDK;
			sourceTree = "<group>";
		};
		AAFC675A21742DE900044085 /* PhoneNetSDKTests */ = {
			isa = PBXGroup;
			children = (
				AAFC675B21742DE900044085 /* PhoneNetSDKTests.m */,
				AAFC675D21742DE900044085 /* Info.plist */,
			);
			path = PhoneNetSDKTests;
			sourceTree = "<group>";
		};
		AAFC6781217436B300044085 /* public */ = {
			isa = PBXGroup;
			children = (
				AA04BDA12179CA3900792244 /* bean */,
				AAE53C76222675B500DB23A7 /* PhoneNetSDKHelper.h */,
				AAFC6782217436E200044085 /* PhoneNetManager.h */,
				AAFC6783217436E200044085 /* PhoneNetManager.mm */,
			);
			path = public;
			sourceTree = "<group>";
		};
		AAFC67C821743E1E00044085 /* Frameworks */ = {
			isa = PBXGroup;
			children = (
				AAFC67CB21743E2A00044085 /* libstdc++.tbd */,
				AAFC67C921743E1E00044085 /* libstdc++.6.tbd */,
			);
			name = Frameworks;
			sourceTree = "<group>";
		};
/* End PBXGroup section */

/* Begin PBXHeadersBuildPhase section */
		AAFC674A21742DE900044085 /* Headers */ = {
			isa = PBXHeadersBuildPhase;
			buildActionMask = 2147483647;
			files = (
				AAA828832216C6AE00440AEE /* log4cplus_pn.h in Headers */,
				AA2B9DA12236649400928AF1 /* PNTcpPing.h in Headers */,
				AAE53C77222675B500DB23A7 /* PhoneNetSDKHelper.h in Headers */,
				AA466F7E221FA113009CD053 /* PhoneNetSDKConst.h in Headers */,
				AAA8287B221686AE00440AEE /* PNetQueue.h in Headers */,
				AA829BA5223908270007E397 /* PNUdpTraceroute.h in Headers */,
				AAA8287E22168CD000440AEE /* PNetModel.h in Headers */,
				AA466F82221FBCD1009CD053 /* PhoneNetDiagnosisHelper.h in Headers */,
				AAA82875221670AD00440AEE /* PNetReachability.h in Headers */,
				AAA8287122166AAB00440AEE /* UCNetworkService.h in Headers */,
				AAA4AC4A2227D18800C8AC65 /* PNetTools.h in Headers */,
				AAFC6784217436E200044085 /* PhoneNetManager.h in Headers */,
				AA4DDD852174A188009F138B /* PhoneTraceRoute.h in Headers */,
				AAA4AC462227AE9E00C8AC65 /* PNDomainLookup.h in Headers */,
				AAA4AC4F2227E05C00C8AC65 /* PNPortScan.h in Headers */,
				AA466F95221FBCDA009CD053 /* PReportPingModel.h in Headers */,
				AA99ACC622266F6D0099A2E3 /* PNetLog.h in Headers */,
				AA466F91221FBCDA009CD053 /* PhonePingService.h in Headers */,
				AA466F8F221FBCDA009CD053 /* PhonePing.h in Headers */,
				AA4DDD972175F220009F138B /* PNetInfoTool.h in Headers */,
				AA4DDD892174A188009F138B /* PTracerRouteResModel.h in Headers */,
				AAFC675E21742DE900044085 /* PhoneNetSDK.h in Headers */,
				AA466F93221FBCDA009CD053 /* PPingResModel.h in Headers */,
				AA4DDD872174A188009F138B /* PhoneTraceRouteService.h in Headers */,
			);
			runOnlyForDeploymentPostprocessing = 0;
		};
/* End PBXHeadersBuildPhase section */

/* Begin PBXNativeTarget section */
		AAFC674C21742DE900044085 /* PhoneNetSDK */ = {
			isa = PBXNativeTarget;
			buildConfigurationList = AAFC676121742DE900044085 /* Build configuration list for PBXNativeTarget "PhoneNetSDK" */;
			buildPhases = (
				AAFC674821742DE900044085 /* Sources */,
				AAFC674921742DE900044085 /* Frameworks */,
				AAFC674A21742DE900044085 /* Headers */,
				AAFC674B21742DE900044085 /* Resources */,
			);
			buildRules = (
			);
			dependencies = (
			);
			name = PhoneNetSDK;
			productName = PhoneNetSDK;
			productReference = AAFC674D21742DE900044085 /* PhoneNetSDK.framework */;
			productType = "com.apple.product-type.framework";
		};
		AAFC675521742DE900044085 /* PhoneNetSDKTests */ = {
			isa = PBXNativeTarget;
			buildConfigurationList = AAFC676421742DE900044085 /* Build configuration list for PBXNativeTarget "PhoneNetSDKTests" */;
			buildPhases = (
				AAFC675221742DE900044085 /* Sources */,
				AAFC675321742DE900044085 /* Frameworks */,
				AAFC675421742DE900044085 /* Resources */,
			);
			buildRules = (
			);
			dependencies = (
				AAFC675921742DE900044085 /* PBXTargetDependency */,
			);
			name = PhoneNetSDKTests;
			productName = PhoneNetSDKTests;
			productReference = AAFC675621742DE900044085 /* PhoneNetSDKTests.xctest */;
			productType = "com.apple.product-type.bundle.unit-test";
		};
/* End PBXNativeTarget section */

/* Begin PBXProject section */
		AAFC674421742DE900044085 /* Project object */ = {
			isa = PBXProject;
			attributes = {
				LastUpgradeCheck = 0940;
				ORGANIZATIONNAME = ucloud;
				TargetAttributes = {
					AAFC674C21742DE900044085 = {
						CreatedOnToolsVersion = 9.4.1;
					};
					AAFC675521742DE900044085 = {
						CreatedOnToolsVersion = 9.4.1;
					};
				};
			};
			buildConfigurationList = AAFC674721742DE900044085 /* Build configuration list for PBXProject "PhoneNetSDK" */;
			compatibilityVersion = "Xcode 9.3";
			developmentRegion = en;
			hasScannedForEncodings = 0;
			knownRegions = (
				en,
			);
			mainGroup = AAFC674321742DE900044085;
			productRefGroup = AAFC674E21742DE900044085 /* Products */;
			projectDirPath = "";
			projectRoot = "";
			targets = (
				AAFC674C21742DE900044085 /* PhoneNetSDK */,
				AAFC675521742DE900044085 /* PhoneNetSDKTests */,
			);
		};
/* End PBXProject section */

/* Begin PBXResourcesBuildPhase section */
		AAFC674B21742DE900044085 /* Resources */ = {
			isa = PBXResourcesBuildPhase;
			buildActionMask = 2147483647;
			files = (
			);
			runOnlyForDeploymentPostprocessing = 0;
		};
		AAFC675421742DE900044085 /* Resources */ = {
			isa = PBXResourcesBuildPhase;
			buildActionMask = 2147483647;
			files = (
			);
			runOnlyForDeploymentPostprocessing = 0;
		};
/* End PBXResourcesBuildPhase section */

/* Begin PBXSourcesBuildPhase section */
		AAFC674821742DE900044085 /* Sources */ = {
			isa = PBXSourcesBuildPhase;
			buildActionMask = 2147483647;
			files = (
				AAA82876221670AD00440AEE /* PNetReachability.m in Sources */,
				AA829BA6223908270007E397 /* PNUdpTraceroute.m in Sources */,
				AA99ACC722266F6D0099A2E3 /* PNetLog.mm in Sources */,
				AA2B9DA02236649400928AF1 /* PNTcpPing.m in Sources */,
				AA4DDD982175F220009F138B /* PNetInfoTool.m in Sources */,
				AAA4AC4B2227D18800C8AC65 /* PNetTools.m in Sources */,
				AA4DDD8A2174A188009F138B /* PTracerRouteResModel.m in Sources */,
				AAA4AC472227AE9E00C8AC65 /* PNDomainLookup.mm in Sources */,
				AA466F90221FBCDA009CD053 /* PhonePing.mm in Sources */,
				AA466F92221FBCDA009CD053 /* PhonePingService.mm in Sources */,
				AAFC6785217436E200044085 /* PhoneNetManager.mm in Sources */,
				AA466F83221FBCD1009CD053 /* PhoneNetDiagnosisHelper.m in Sources */,
				AA4DDD862174A188009F138B /* PhoneTraceRoute.mm in Sources */,
				AA466F96221FBCDA009CD053 /* PReportPingModel.m in Sources */,
				AAA8287F22168CD000440AEE /* PNetModel.m in Sources */,
				AAA4AC502227E05C00C8AC65 /* PNPortScan.mm in Sources */,
				AAA8287A221686AE00440AEE /* PNetQueue.m in Sources */,
				AA466F94221FBCDA009CD053 /* PPingResModel.m in Sources */,
				AAA8287222166AAB00440AEE /* UCNetworkService.mm in Sources */,
				AA4DDD882174A188009F138B /* PhoneTraceRouteService.m in Sources */,
			);
			runOnlyForDeploymentPostprocessing = 0;
		};
		AAFC675221742DE900044085 /* Sources */ = {
			isa = PBXSourcesBuildPhase;
			buildActionMask = 2147483647;
			files = (
				AAFC675C21742DE900044085 /* PhoneNetSDKTests.m in Sources */,
			);
			runOnlyForDeploymentPostprocessing = 0;
		};
/* End PBXSourcesBuildPhase section */

/* Begin PBXTargetDependency section */
		AAFC675921742DE900044085 /* PBXTargetDependency */ = {
			isa = PBXTargetDependency;
			target = AAFC674C21742DE900044085 /* PhoneNetSDK */;
			targetProxy = AAFC675821742DE900044085 /* PBXContainerItemProxy */;
		};
/* End PBXTargetDependency section */

/* Begin XCBuildConfiguration section */
		AAFC675F21742DE900044085 /* Debug */ = {
			isa = XCBuildConfiguration;
			buildSettings = {
				ALWAYS_SEARCH_USER_PATHS = NO;
				CLANG_ANALYZER_NONNULL = YES;
				CLANG_ANALYZER_NUMBER_OBJECT_CONVERSION = YES_AGGRESSIVE;
				CLANG_CXX_LANGUAGE_STANDARD = "gnu++14";
				CLANG_CXX_LIBRARY = "libc++";
				CLANG_ENABLE_MODULES = YES;
				CLANG_ENABLE_OBJC_ARC = YES;
				CLANG_ENABLE_OBJC_WEAK = YES;
				CLANG_WARN_BLOCK_CAPTURE_AUTORELEASING = YES;
				CLANG_WARN_BOOL_CONVERSION = YES;
				CLANG_WARN_COMMA = YES;
				CLANG_WARN_CONSTANT_CONVERSION = YES;
				CLANG_WARN_DEPRECATED_OBJC_IMPLEMENTATIONS = YES;
				CLANG_WARN_DIRECT_OBJC_ISA_USAGE = YES_ERROR;
				CLANG_WARN_DOCUMENTATION_COMMENTS = YES;
				CLANG_WARN_EMPTY_BODY = YES;
				CLANG_WARN_ENUM_CONVERSION = YES;
				CLANG_WARN_INFINITE_RECURSION = YES;
				CLANG_WARN_INT_CONVERSION = YES;
				CLANG_WARN_NON_LITERAL_NULL_CONVERSION = YES;
				CLANG_WARN_OBJC_IMPLICIT_RETAIN_SELF = YES;
				CLANG_WARN_OBJC_LITERAL_CONVERSION = YES;
				CLANG_WARN_OBJC_ROOT_CLASS = YES_ERROR;
				CLANG_WARN_RANGE_LOOP_ANALYSIS = YES;
				CLANG_WARN_STRICT_PROTOTYPES = YES;
				CLANG_WARN_SUSPICIOUS_MOVE = YES;
				CLANG_WARN_UNGUARDED_AVAILABILITY = YES_AGGRESSIVE;
				CLANG_WARN_UNREACHABLE_CODE = YES;
				CLANG_WARN__DUPLICATE_METHOD_MATCH = YES;
				CODE_SIGN_IDENTITY = "iPhone Developer";
				COPY_PHASE_STRIP = NO;
				CURRENT_PROJECT_VERSION = 1;
				DEBUG_INFORMATION_FORMAT = dwarf;
				ENABLE_STRICT_OBJC_MSGSEND = YES;
				ENABLE_TESTABILITY = YES;
				GCC_C_LANGUAGE_STANDARD = gnu11;
				GCC_DYNAMIC_NO_PIC = NO;
				GCC_NO_COMMON_BLOCKS = YES;
				GCC_OPTIMIZATION_LEVEL = 0;
				GCC_PREPROCESSOR_DEFINITIONS = (
					"DEBUG=1",
					"$(inherited)",
				);
				GCC_WARN_64_TO_32_BIT_CONVERSION = YES;
				GCC_WARN_ABOUT_RETURN_TYPE = YES_ERROR;
				GCC_WARN_UNDECLARED_SELECTOR = YES;
				GCC_WARN_UNINITIALIZED_AUTOS = YES_AGGRESSIVE;
				GCC_WARN_UNUSED_FUNCTION = YES;
				GCC_WARN_UNUSED_VARIABLE = YES;
				IPHONEOS_DEPLOYMENT_TARGET = 11.4;
				MTL_ENABLE_DEBUG_INFO = YES;
				ONLY_ACTIVE_ARCH = YES;
				SDKROOT = iphoneos;
				VERSIONING_SYSTEM = "apple-generic";
				VERSION_INFO_PREFIX = "";
			};
			name = Debug;
		};
		AAFC676021742DE900044085 /* Release */ = {
			isa = XCBuildConfiguration;
			buildSettings = {
				ALWAYS_SEARCH_USER_PATHS = NO;
				CLANG_ANALYZER_NONNULL = YES;
				CLANG_ANALYZER_NUMBER_OBJECT_CONVERSION = YES_AGGRESSIVE;
				CLANG_CXX_LANGUAGE_STANDARD = "gnu++14";
				CLANG_CXX_LIBRARY = "libc++";
				CLANG_ENABLE_MODULES = YES;
				CLANG_ENABLE_OBJC_ARC = YES;
				CLANG_ENABLE_OBJC_WEAK = YES;
				CLANG_WARN_BLOCK_CAPTURE_AUTORELEASING = YES;
				CLANG_WARN_BOOL_CONVERSION = YES;
				CLANG_WARN_COMMA = YES;
				CLANG_WARN_CONSTANT_CONVERSION = YES;
				CLANG_WARN_DEPRECATED_OBJC_IMPLEMENTATIONS = YES;
				CLANG_WARN_DIRECT_OBJC_ISA_USAGE = YES_ERROR;
				CLANG_WARN_DOCUMENTATION_COMMENTS = YES;
				CLANG_WARN_EMPTY_BODY = YES;
				CLANG_WARN_ENUM_CONVERSION = YES;
				CLANG_WARN_INFINITE_RECURSION = YES;
				CLANG_WARN_INT_CONVERSION = YES;
				CLANG_WARN_NON_LITERAL_NULL_CONVERSION = YES;
				CLANG_WARN_OBJC_IMPLICIT_RETAIN_SELF = YES;
				CLANG_WARN_OBJC_LITERAL_CONVERSION = YES;
				CLANG_WARN_OBJC_ROOT_CLASS = YES_ERROR;
				CLANG_WARN_RANGE_LOOP_ANALYSIS = YES;
				CLANG_WARN_STRICT_PROTOTYPES = YES;
				CLANG_WARN_SUSPICIOUS_MOVE = YES;
				CLANG_WARN_UNGUARDED_AVAILABILITY = YES_AGGRESSIVE;
				CLANG_WARN_UNREACHABLE_CODE = YES;
				CLANG_WARN__DUPLICATE_METHOD_MATCH = YES;
				CODE_SIGN_IDENTITY = "iPhone Developer";
				COPY_PHASE_STRIP = NO;
				CURRENT_PROJECT_VERSION = 1;
				DEBUG_INFORMATION_FORMAT = "dwarf-with-dsym";
				ENABLE_NS_ASSERTIONS = NO;
				ENABLE_STRICT_OBJC_MSGSEND = YES;
				GCC_C_LANGUAGE_STANDARD = gnu11;
				GCC_NO_COMMON_BLOCKS = YES;
				GCC_WARN_64_TO_32_BIT_CONVERSION = YES;
				GCC_WARN_ABOUT_RETURN_TYPE = YES_ERROR;
				GCC_WARN_UNDECLARED_SELECTOR = YES;
				GCC_WARN_UNINITIALIZED_AUTOS = YES_AGGRESSIVE;
				GCC_WARN_UNUSED_FUNCTION = YES;
				GCC_WARN_UNUSED_VARIABLE = YES;
				IPHONEOS_DEPLOYMENT_TARGET = 11.4;
				MTL_ENABLE_DEBUG_INFO = NO;
				SDKROOT = iphoneos;
				VALIDATE_PRODUCT = YES;
				VERSIONING_SYSTEM = "apple-generic";
				VERSION_INFO_PREFIX = "";
			};
			name = Release;
		};
		AAFC676221742DE900044085 /* Debug */ = {
			isa = XCBuildConfiguration;
			buildSettings = {
				CODE_SIGN_IDENTITY = "";
				CODE_SIGN_STYLE = Automatic;
				DEAD_CODE_STRIPPING = NO;
				DEFINES_MODULE = YES;
				DEVELOPMENT_TEAM = CFP9KY4MGC;
				DYLIB_COMPATIBILITY_VERSION = 1;
				DYLIB_CURRENT_VERSION = 1;
				DYLIB_INSTALL_NAME_BASE = "@rpath";
				ENABLE_BITCODE = NO;
				GCC_INPUT_FILETYPE = automatic;
				HEADER_SEARCH_PATHS = "\"$(SRCROOT)/PhoneNetSDK/tools/log4cplus_pn.h\"";
				INFOPLIST_FILE = PhoneNetSDK/Info.plist;
				INSTALL_PATH = "$(LOCAL_LIBRARY_DIR)/Frameworks";
				IPHONEOS_DEPLOYMENT_TARGET = 9.0;
				LD_RUNPATH_SEARCH_PATHS = (
					"$(inherited)",
					"@executable_path/Frameworks",
					"@loader_path/Frameworks",
				);
				LINK_WITH_STANDARD_LIBRARIES = NO;
				MACH_O_TYPE = staticlib;
				OTHER_LDFLAGS = "-lc++";
				PRODUCT_BUNDLE_IDENTIFIER = cn.iosmedia.PhoneNetSDK;
				PRODUCT_NAME = "$(TARGET_NAME:c99extidentifier)";
				SKIP_INSTALL = YES;
				TARGETED_DEVICE_FAMILY = "1,2";
				VALID_ARCHS = "arm64 armv7 armv7s";
			};
			name = Debug;
		};
		AAFC676321742DE900044085 /* Release */ = {
			isa = XCBuildConfiguration;
			buildSettings = {
				CODE_SIGN_IDENTITY = "";
				CODE_SIGN_STYLE = Automatic;
				DEAD_CODE_STRIPPING = NO;
				DEFINES_MODULE = YES;
				DEVELOPMENT_TEAM = CFP9KY4MGC;
				DYLIB_COMPATIBILITY_VERSION = 1;
				DYLIB_CURRENT_VERSION = 1;
				DYLIB_INSTALL_NAME_BASE = "@rpath";
				ENABLE_BITCODE = NO;
				GCC_INPUT_FILETYPE = automatic;
				HEADER_SEARCH_PATHS = "\"$(SRCROOT)/PhoneNetSDK/tools/log4cplus_pn.h\"";
				INFOPLIST_FILE = PhoneNetSDK/Info.plist;
				INSTALL_PATH = "$(LOCAL_LIBRARY_DIR)/Frameworks";
				IPHONEOS_DEPLOYMENT_TARGET = 9.0;
				LD_RUNPATH_SEARCH_PATHS = (
					"$(inherited)",
					"@executable_path/Frameworks",
					"@loader_path/Frameworks",
				);
				LINK_WITH_STANDARD_LIBRARIES = NO;
				MACH_O_TYPE = staticlib;
				OTHER_LDFLAGS = "-lc++";
				PRODUCT_BUNDLE_IDENTIFIER = cn.iosmedia.PhoneNetSDK;
				PRODUCT_NAME = "$(TARGET_NAME:c99extidentifier)";
				SKIP_INSTALL = YES;
				TARGETED_DEVICE_FAMILY = "1,2";
				VALID_ARCHS = "arm64 armv7 armv7s";
			};
			name = Release;
		};
		AAFC676521742DE900044085 /* Debug */ = {
			isa = XCBuildConfiguration;
			buildSettings = {
				CODE_SIGN_STYLE = Automatic;
				DEVELOPMENT_TEAM = CFP9KY4MGC;
				GCC_INPUT_FILETYPE = automatic;
				INFOPLIST_FILE = PhoneNetSDKTests/Info.plist;
				LD_RUNPATH_SEARCH_PATHS = (
					"$(inherited)",
					"@executable_path/Frameworks",
					"@loader_path/Frameworks",
				);
				OTHER_LDFLAGS = "-lc++";
				PRODUCT_BUNDLE_IDENTIFIER = cn.ucloud.PhoneNetSDKTests;
				PRODUCT_NAME = "$(TARGET_NAME)";
				TARGETED_DEVICE_FAMILY = "1,2";
			};
			name = Debug;
		};
		AAFC676621742DE900044085 /* Release */ = {
			isa = XCBuildConfiguration;
			buildSettings = {
				CODE_SIGN_STYLE = Automatic;
				DEVELOPMENT_TEAM = CFP9KY4MGC;
				GCC_INPUT_FILETYPE = automatic;
				INFOPLIST_FILE = PhoneNetSDKTests/Info.plist;
				LD_RUNPATH_SEARCH_PATHS = (
					"$(inherited)",
					"@executable_path/Frameworks",
					"@loader_path/Frameworks",
				);
				OTHER_LDFLAGS = "-lc++";
				PRODUCT_BUNDLE_IDENTIFIER = cn.ucloud.PhoneNetSDKTests;
				PRODUCT_NAME = "$(TARGET_NAME)";
				TARGETED_DEVICE_FAMILY = "1,2";
			};
			name = Release;
		};
/* End XCBuildConfiguration section */

/* Begin XCConfigurationList section */
		AAFC674721742DE900044085 /* Build configuration list for PBXProject "PhoneNetSDK" */ = {
			isa = XCConfigurationList;
			buildConfigurations = (
				AAFC675F21742DE900044085 /* Debug */,
				AAFC676021742DE900044085 /* Release */,
			);
			defaultConfigurationIsVisible = 0;
			defaultConfigurationName = Release;
		};
		AAFC676121742DE900044085 /* Build configuration list for PBXNativeTarget "PhoneNetSDK" */ = {
			isa = XCConfigurationList;
			buildConfigurations = (
				AAFC676221742DE900044085 /* Debug */,
				AAFC676321742DE900044085 /* Release */,
			);
			defaultConfigurationIsVisible = 0;
			defaultConfigurationName = Release;
		};
		AAFC676421742DE900044085 /* Build configuration list for PBXNativeTarget "PhoneNetSDKTests" */ = {
			isa = XCConfigurationList;
			buildConfigurations = (
				AAFC676521742DE900044085 /* Debug */,
				AAFC676621742DE900044085 /* Release */,
			);
			defaultConfigurationIsVisible = 0;
			defaultConfigurationName = Release;
		};
/* End XCConfigurationList section */
	};
	rootObject = AAFC674421742DE900044085 /* Project object */;
}
